
Microsoft Visual Studio Solution File, Format Version 11.00
# Visual Studio 2010
Project("{FAE04EC0-301F-11D3-BF4B-00C04F79EFBC}") = "Assembly-CSharp", "Assembly-CSharp.csproj", "{457dd7cd-a7ba-65c0-b3c4-f8efdbcf7b29}"
EndProject
Project("{FAE04EC0-301F-11D3-BF4B-00C04F79EFBC}") = "Assembly-CSharp-Editor", "Assembly-CSharp-Editor.csproj", "{832a5d37-aff3-a2d4-1b64-13300c0bc771}"
EndProject
Global
	GlobalSection(SolutionConfigurationPlatforms) = preSolution
		Debug|Any CPU = Debug|Any CPU
	EndGlobalSection
	GlobalSection(ProjectConfigurationPlatforms) = postSolution
		{457dd7cd-a7ba-65c0-b3c4-f8efdbcf7b29}.Debug|Any CPU.ActiveCfg = Debug|Any CPU
		{457dd7cd-a7ba-65c0-b3c4-f8efdbcf7b29}.Debug|Any CPU.Build.0 = Debug|Any CPU
		{832a5d37-aff3-a2d4-1b64-13300c0bc771}.Debug|Any CPU.ActiveCfg = Debug|Any CPU
		{832a5d37-aff3-a2d4-1b64-13300c0bc771}.Debug|Any CPU.Build.0 = Debug|Any CPU
	EndGlobalSection
	GlobalSection(SolutionProperties) = preSolution
		HideSolutionNode = FALSE
	EndGlobalSection
EndGlobal
